// !$*UTF8*$!
{
	archiveVersion = 1;
	classes = {
	};
	objectVersion = 48;
	objects = {

/* Begin PBXBuildFile section */
		30F04B7C1FBB40D200D46F99 /* AppDelegate.swift in Sources */ = {isa = PBXBuildFile; fileRef = 30F04B7B1FBB40D200D46F99 /* AppDelegate.swift */; };
		30F04B7E1FBB40D200D46F99 /* ViewController.swift in Sources */ = {isa = PBXBuildFile; fileRef = 30F04B7D1FBB40D200D46F99 /* ViewController.swift */; };
		30F04B811FBB40D200D46F99 /* Main.storyboard in Resources */ = {isa = PBXBuildFile; fileRef = 30F04B7F1FBB40D200D46F99 /* Main.storyboard */; };
		30F04B831FBB40D200D46F99 /* Assets.xcassets in Resources */ = {isa = PBXBuildFile; fileRef = 30F04B821FBB40D200D46F99 /* Assets.xcassets */; };
		30F04B861FBB40D200D46F99 /* LaunchScreen.storyboard in Resources */ = {isa = PBXBuildFile; fileRef = 30F04B841FBB40D200D46F99 /* LaunchScreen.storyboard */; };
		30F04B911FBB40D200D46F99 /* DemoTests.swift in Sources */ = {isa = PBXBuildFile; fileRef = 30F04B901FBB40D200D46F99 /* DemoTests.swift */; };
		30F04B9C1FBB40D200D46F99 /* DemoUITests.swift in Sources */ = {isa = PBXBuildFile; fileRef = 30F04B9B1FBB40D200D46F99 /* DemoUITests.swift */; };
/* End PBXBuildFile section */

/* Begin PBXContainerItemProxy section */
		30F04B8D1FBB40D200D46F99 /* PBXContainerItemProxy */ = {
			isa = PBXContainerItemProxy;
			containerPortal = 30F04B701FBB40D200D46F99 /* Project object */;
			proxyType = 1;
			remoteGlobalIDString = 30F04B771FBB40D200D46F99;
			remoteInfo = Demo;
		};
		30F04B981FBB40D200D46F99 /* PBXContainerItemProxy */ = {
			isa = PBXContainerItemProxy;
			containerPortal = 30F04B701FBB40D200D46F99 /* Project object */;
			proxyType = 1;
			remoteGlobalIDString = 30F04B771FBB40D200D46F99;
			remoteInfo = Demo;
		};
/* End PBXContainerItemProxy section */

/* Begin PBXFileReference section */
		30F04B781FBB40D200D46F99 /* Demo.app */ = {isa = PBXFileReference; explicitFileType = wrapper.application; includeInIndex = 0; path = Demo.app; sourceTree = BUILT_PRODUCTS_DIR; };
		30F04B7B1FBB40D200D46F99 /* AppDelegate.swift */ = {isa = PBXFileReference; lastKnownFileType = sourcecode.swift; path = AppDelegate.swift; sourceTree = "<group>"; };
		30F04B7D1FBB40D200D46F99 /* ViewController.swift */ = {isa = PBXFileReference; lastKnownFileType = sourcecode.swift; path = ViewController.swift; sourceTree = "<group>"; };
		30F04B801FBB40D200D46F99 /* Base */ = {isa = PBXFileReference; lastKnownFileType = file.storyboard; name = Base; path = Base.lproj/Main.storyboard; sourceTree = "<group>"; };
		30F04B821FBB40D200D46F99 /* Assets.xcassets */ = {isa = PBXFileReference; lastKnownFileType = folder.assetcatalog; path = Assets.xcassets; sourceTree = "<group>"; };
		30F04B851FBB40D200D46F99 /* Base */ = {isa = PBXFileReference; lastKnownFileType = file.storyboard; name = Base; path = Base.lproj/LaunchScreen.storyboard; sourceTree = "<group>"; };
		30F04B871FBB40D200D46F99 /* Info.plist */ = {isa = PBXFileReference; lastKnownFileType = text.plist.xml; path = Info.plist; sourceTree = "<group>"; };
		30F04B8C1FBB40D200D46F99 /* DemoTests.xctest */ = {isa = PBXFileReference; explicitFileType = wrapper.cfbundle; includeInIndex = 0; path = DemoTests.xctest; sourceTree = BUILT_PRODUCTS_DIR; };
		30F04B901FBB40D200D46F99 /* DemoTests.swift */ = {isa = PBXFileReference; lastKnownFileType = sourcecode.swift; path = DemoTests.swift; sourceTree = "<group>"; };
		30F04B921FBB40D200D46F99 /* Info.plist */ = {isa = PBXFileReference; lastKnownFileType = text.plist.xml; path = Info.plist; sourceTree = "<group>"; };
		30F04B971FBB40D200D46F99 /* DemoUITests.xctest */ = {isa = PBXFileReference; explicitFileType = wrapper.cfbundle; includeInIndex = 0; path = DemoUITests.xctest; sourceTree = BUILT_PRODUCTS_DIR; };
		30F04B9B1FBB40D200D46F99 /* DemoUITests.swift */ = {isa = PBXFileReference; lastKnownFileType = sourcecode.swift; path = DemoUITests.swift; sourceTree = "<group>"; };
		30F04B9D1FBB40D200D46F99 /* Info.plist */ = {isa = PBXFileReference; lastKnownFileType = text.plist.xml; path = Info.plist; sourceTree = "<group>"; };
/* End PBXFileReference section */

/* Begin PBXFrameworksBuildPhase section */
		30F04B751FBB40D200D46F99 /* Frameworks */ = {
			isa = PBXFrameworksBuildPhase;
			buildActionMask = 2147483647;
			files = (
			);
			runOnlyForDeploymentPostprocessing = 0;
		};
		30F04B891FBB40D200D46F99 /* Frameworks */ = {
			isa = PBXFrameworksBuildPhase;
			buildActionMask = 2147483647;
			files = (
			);
			runOnlyForDeploymentPostprocessing = 0;
		};
		30F04B941FBB40D200D46F99 /* Frameworks */ = {
			isa = PBXFrameworksBuildPhase;
			buildActionMask = 2147483647;
			files = (
			);
			runOnlyForDeploymentPostprocessing = 0;
		};
/* End PBXFrameworksBuildPhase section */

/* Begin PBXGroup section */
		30F04B6F1FBB40D200D46F99 = {
			isa = PBXGroup;
			children = (
				30F04B7A1FBB40D200D46F99 /* Demo */,
				30F04B8F1FBB40D200D46F99 /* DemoTests */,
				30F04B9A1FBB40D200D46F99 /* DemoUITests */,
				30F04B791FBB40D200D46F99 /* Products */,
			);
			sourceTree = "<group>";
		};
		30F04B791FBB40D200D46F99 /* Products */ = {
			isa = PBXGroup;
			children = (
				30F04B781FBB40D200D46F99 /* Demo.app */,
				30F04B8C1FBB40D200D46F99 /* DemoTests.xctest */,
				30F04B971FBB40D200D46F99 /* DemoUITests.xctest */,
			);
			name = Products;
			sourceTree = "<group>";
		};
		30F04B7A1FBB40D200D46F99 /* Demo */ = {
			isa = PBXGroup;
			children = (
				30F04B7B1FBB40D200D46F99 /* AppDelegate.swift */,
				30F04B7D1FBB40D200D46F99 /* ViewController.swift */,
				30F04B7F1FBB40D200D46F99 /* Main.storyboard */,
				30F04B821FBB40D200D46F99 /* Assets.xcassets */,
				30F04B841FBB40D200D46F99 /* LaunchScreen.storyboard */,
				30F04B871FBB40D200D46F99 /* Info.plist */,
			);
			path = Demo;
			sourceTree = "<group>";
		};
		30F04B8F1FBB40D200D46F99 /* DemoTests */ = {
			isa = PBXGroup;
			children = (
				30F04B901FBB40D200D46F99 /* DemoTests.swift */,
				30F04B921FBB40D200D46F99 /* Info.plist */,
			);
			path = DemoTests;
			sourceTree = "<group>";
		};
		30F04B9A1FBB40D200D46F99 /* DemoUITests */ = {
			isa = PBXGroup;
			children = (
				30F04B9B1FBB40D200D46F99 /* DemoUITests.swift */,
				30F04B9D1FBB40D200D46F99 /* Info.plist */,
			);
			path = DemoUITests;
			sourceTree = "<group>";
		};
/* End PBXGroup section */

/* Begin PBXNativeTarget section */
		30F04B771FBB40D200D46F99 /* Demo */ = {
			isa = PBXNativeTarget;
			buildConfigurationList = 30F04BA01FBB40D200D46F99 /* Build configuration list for PBXNativeTarget "Demo" */;
			buildPhases = (
				30F04B741FBB40D200D46F99 /* Sources */,
				30F04B751FBB40D200D46F99 /* Frameworks */,
				30F04B761FBB40D200D46F99 /* Resources */,
			);
			buildRules = (
			);
			dependencies = (
			);
			name = Demo;
			productName = Demo;
			productReference = 30F04B781FBB40D200D46F99 /* Demo.app */;
			productType = "com.apple.product-type.application";
		};
		30F04B8B1FBB40D200D46F99 /* DemoTests */ = {
			isa = PBXNativeTarget;
			buildConfigurationList = 30F04BA31FBB40D200D46F99 /* Build configuration list for PBXNativeTarget "DemoTests" */;
			buildPhases = (
				30F04B881FBB40D200D46F99 /* Sources */,
				30F04B891FBB40D200D46F99 /* Frameworks */,
				30F04B8A1FBB40D200D46F99 /* Resources */,
			);
			buildRules = (
			);
			dependencies = (
				30F04B8E1FBB40D200D46F99 /* PBXTargetDependency */,
			);
			name = DemoTests;
			productName = DemoTests;
			productReference = 30F04B8C1FBB40D200D46F99 /* DemoTests.xctest */;
			productType = "com.apple.product-type.bundle.unit-test";
		};
		30F04B961FBB40D200D46F99 /* DemoUITests */ = {
			isa = PBXNativeTarget;
			buildConfigurationList = 30F04BA61FBB40D200D46F99 /* Build configuration list for PBXNativeTarget "DemoUITests" */;
			buildPhases = (
				30F04B931FBB40D200D46F99 /* Sources */,
				30F04B941FBB40D200D46F99 /* Frameworks */,
				30F04B951FBB40D200D46F99 /* Resources */,
			);
			buildRules = (
			);
			dependencies = (
				30F04B991FBB40D200D46F99 /* PBXTargetDependency */,
			);
			name = DemoUITests;
			productName = DemoUITests;
			productReference = 30F04B971FBB40D200D46F99 /* DemoUITests.xctest */;
			productType = "com.apple.product-type.bundle.ui-testing";
		};
/* End PBXNativeTarget section */

/* Begin PBXProject section */
		30F04B701FBB40D200D46F99 /* Project object */ = {
			isa = PBXProject;
			attributes = {
				LastSwiftUpdateCheck = 0910;
				LastUpgradeCheck = 0910;
				ORGANIZATIONNAME = "Kenta Hara";
				TargetAttributes = {
					30F04B771FBB40D200D46F99 = {
						CreatedOnToolsVersion = 9.1;
						ProvisioningStyle = Automatic;
					};
					30F04B8B1FBB40D200D46F99 = {
						CreatedOnToolsVersion = 9.1;
						ProvisioningStyle = Automatic;
						TestTargetID = 30F04B771FBB40D200D46F99;
					};
					30F04B961FBB40D200D46F99 = {
						CreatedOnToolsVersion = 9.1;
						ProvisioningStyle = Automatic;
						TestTargetID = 30F04B771FBB40D200D46F99;
					};
				};
			};
			buildConfigurationList = 30F04B731FBB40D200D46F99 /* Build configuration list for PBXProject "Demo" */;
			compatibilityVersion = "Xcode 8.0";
			developmentRegion = en;
			hasScannedForEncodings = 0;
			knownRegions = (
				en,
				Base,
			);
			mainGroup = 30F04B6F1FBB40D200D46F99;
			productRefGroup = 30F04B791FBB40D200D46F99 /* Products */;
			projectDirPath = "";
			projectRoot = "";
			targets = (
				30F04B771FBB40D200D46F99 /* Demo */,
				30F04B8B1FBB40D200D46F99 /* DemoTests */,
				30F04B961FBB40D200D46F99 /* DemoUITests */,
			);
		};
/* End PBXProject section */

/* Begin PBXResourcesBuildPhase section */
		30F04B761FBB40D200D46F99 /* Resources */ = {
			isa = PBXResourcesBuildPhase;
			buildActionMask = 2147483647;
			files = (
				30F04B861FBB40D200D46F99 /* LaunchScreen.storyboard in Resources */,
				30F04B831FBB40D200D46F99 /* Assets.xcassets in Resources */,
				30F04B811FBB40D200D46F99 /* Main.storyboard in Resources */,
			);
			runOnlyForDeploymentPostprocessing = 0;
		};
		30F04B8A1FBB40D200D46F99 /* Resources */ = {
			isa = PBXResourcesBuildPhase;
			buildActionMask = 2147483647;
			files = (
			);
			runOnlyForDeploymentPostprocessing = 0;
		};
		30F04B951FBB40D200D46F99 /* Resources */ = {
			isa = PBXResourcesBuildPhase;
			buildActionMask = 2147483647;
			files = (
			);
			runOnlyForDeploymentPostprocessing = 0;
		};
/* End PBXResourcesBuildPhase section */

/* Begin PBXSourcesBuildPhase section */
		30F04B741FBB40D200D46F99 /* Sources */ = {
			isa = PBXSourcesBuildPhase;
			buildActionMask = 2147483647;
			files = (
				30F04B7E1FBB40D200D46F99 /* ViewController.swift in Sources */,
				30F04B7C1FBB40D200D46F99 /* AppDelegate.swift in Sources */,
			);
			runOnlyForDeploymentPostprocessing = 0;
		};
		30F04B881FBB40D200D46F99 /* Sources */ = {
			isa = PBXSourcesBuildPhase;
			buildActionMask = 2147483647;
			files = (
				30F04B911FBB40D200D46F99 /* DemoTests.swift in Sources */,
			);
			runOnlyForDeploymentPostprocessing = 0;
		};
		30F04B931FBB40D200D46F99 /* Sources */ = {
			isa = PBXSourcesBuildPhase;
			buildActionMask = 2147483647;
			files = (
				30F04B9C1FBB40D200D46F99 /* DemoUITests.swift in Sources */,
			);
			runOnlyForDeploymentPostprocessing = 0;
		};
/* End PBXSourcesBuildPhase section */

/* Begin PBXTargetDependency section */
		30F04B8E1FBB40D200D46F99 /* PBXTargetDependency */ = {
			isa = PBXTargetDependency;
			target = 30F04B771FBB40D200D46F99 /* Demo */;
			targetProxy = 30F04B8D1FBB40D200D46F99 /* PBXContainerItemProxy */;
		};
		30F04B991FBB40D200D46F99 /* PBXTargetDependency */ = {
			isa = PBXTargetDependency;
			target = 30F04B771FBB40D200D46F99 /* Demo */;
			targetProxy = 30F04B981FBB40D200D46F99 /* PBXContainerItemProxy */;
		};
/* End PBXTargetDependency section */

/* Begin PBXVariantGroup section */
		30F04B7F1FBB40D200D46F99 /* Main.storyboard */ = {
			isa = PBXVariantGroup;
			children = (
				30F04B801FBB40D200D46F99 /* Base */,
			);
			name = Main.storyboard;
			sourceTree = "<group>";
		};
		30F04B841FBB40D200D46F99 /* LaunchScreen.storyboard */ = {
			isa = PBXVariantGroup;
			children = (
				30F04B851FBB40D200D46F99 /* Base */,
			);
			name = LaunchScreen.storyboard;
			sourceTree = "<group>";
		};
/* End PBXVariantGroup section */

/* Begin XCBuildConfiguration section */
		30F04B9E1FBB40D200D46F99 /* Debug */ = {
			isa = XCBuildConfiguration;
			buildSettings = {
				ALWAYS_SEARCH_USER_PATHS = NO;
				CLANG_ANALYZER_NONNULL = YES;
				CLANG_ANALYZER_NUMBER_OBJECT_CONVERSION = YES_AGGRESSIVE;
				CLANG_CXX_LANGUAGE_STANDARD = "gnu++14";
				CLANG_CXX_LIBRARY = "libc++";
				CLANG_ENABLE_MODULES = YES;
				CLANG_ENABLE_OBJC_ARC = YES;
				CLANG_WARN_BLOCK_CAPTURE_AUTORELEASING = YES;
				CLANG_WARN_BOOL_CONVERSION = YES;
				CLANG_WARN_COMMA = YES;
				CLANG_WARN_CONSTANT_CONVERSION = YES;
				CLANG_WARN_DIRECT_OBJC_ISA_USAGE = YES_ERROR;
				CLANG_WARN_DOCUMENTATION_COMMENTS = YES;
				CLANG_WARN_EMPTY_BODY = YES;
				CLANG_WARN_ENUM_CONVERSION = YES;
				CLANG_WARN_INFINITE_RECURSION = YES;
				CLANG_WARN_INT_CONVERSION = YES;
				CLANG_WARN_NON_LITERAL_NULL_CONVERSION = YES;
				CLANG_WARN_OBJC_LITERAL_CONVERSION = YES;
				CLANG_WARN_OBJC_ROOT_CLASS = YES_ERROR;
				CLANG_WARN_RANGE_LOOP_ANALYSIS = YES;
				CLANG_WARN_STRICT_PROTOTYPES = YES;
				CLANG_WARN_SUSPICIOUS_MOVE = YES;
				CLANG_WARN_UNGUARDED_AVAILABILITY = YES_AGGRESSIVE;
				CLANG_WARN_UNREACHABLE_CODE = YES;
				CLANG_WARN__DUPLICATE_METHOD_MATCH = YES;
				CODE_SIGN_IDENTITY = "iPhone Developer";
				COPY_PHASE_STRIP = NO;
				DEBUG_INFORMATION_FORMAT = dwarf;
				ENABLE_STRICT_OBJC_MSGSEND = YES;
				ENABLE_TESTABILITY = YES;
				GCC_C_LANGUAGE_STANDARD = gnu11;
				GCC_DYNAMIC_NO_PIC = NO;
				GCC_NO_COMMON_BLOCKS = YES;
				GCC_OPTIMIZATION_LEVEL = 0;
				GCC_PREPROCESSOR_DEFINITIONS = (
					"DEBUG=1",
					"$(inherited)",
				);
				GCC_WARN_64_TO_32_BIT_CONVERSION = YES;
				GCC_WARN_ABOUT_RETURN_TYPE = YES_ERROR;
				GCC_WARN_UNDECLARED_SELECTOR = YES;
				GCC_WARN_UNINITIALIZED_AUTOS = YES_AGGRESSIVE;
				GCC_WARN_UNUSED_FUNCTION = YES;
				GCC_WARN_UNUSED_VARIABLE = YES;
				IPHONEOS_DEPLOYMENT_TARGET = 11.1;
				MTL_ENABLE_DEBUG_INFO = YES;
				ONLY_ACTIVE_ARCH = YES;
				SDKROOT = iphoneos;
				SWIFT_ACTIVE_COMPILATION_CONDITIONS = DEBUG;
				SWIFT_OPTIMIZATION_LEVEL = "-Onone";
			};
			name = Debug;
		};
		30F04B9F1FBB40D200D46F99 /* Release */ = {
			isa = XCBuildConfiguration;
			buildSettings = {
				ALWAYS_SEARCH_USER_PATHS = NO;
				CLANG_ANALYZER_NONNULL = YES;
				CLANG_ANALYZER_NUMBER_OBJECT_CONVERSION = YES_AGGRESSIVE;
				CLANG_CXX_LANGUAGE_STANDARD = "gnu++14";
				CLANG_CXX_LIBRARY = "libc++";
				CLANG_ENABLE_MODULES = YES;
				CLANG_ENABLE_OBJC_ARC = YES;
				CLANG_WARN_BLOCK_CAPTURE_AUTORELEASING = YES;
				CLANG_WARN_BOOL_CONVERSION = YES;
				CLANG_WARN_COMMA = YES;
				CLANG_WARN_CONSTANT_CONVERSION = YES;
				CLANG_WARN_DIRECT_OBJC_ISA_USAGE = YES_ERROR;
				CLANG_WARN_DOCUMENTATION_COMMENTS = YES;
				CLANG_WARN_EMPTY_BODY = YES;
				CLANG_WARN_ENUM_CONVERSION = YES;
				CLANG_WARN_INFINITE_RECURSION = YES;
				CLANG_WARN_INT_CONVERSION = YES;
				CLANG_WARN_NON_LITERAL_NULL_CONVERSION = YES;
				CLANG_WARN_OBJC_LITERAL_CONVERSION = YES;
				CLANG_WARN_OBJC_ROOT_CLASS = YES_ERROR;
				CLANG_WARN_RANGE_LOOP_ANALYSIS = YES;
				CLANG_WARN_STRICT_PROTOTYPES = YES;
				CLANG_WARN_SUSPICIOUS_MOVE = YES;
				CLANG_WARN_UNGUARDED_AVAILABILITY = YES_AGGRESSIVE;
				CLANG_WARN_UNREACHABLE_CODE = YES;
				CLANG_WARN__DUPLICATE_METHOD_MATCH = YES;
				CODE_SIGN_IDENTITY = "iPhone Developer";
				COPY_PHASE_STRIP = NO;
				DEBUG_INFORMATION_FORMAT = "dwarf-with-dsym";
				ENABLE_NS_ASSERTIONS = NO;
				ENABLE_STRICT_OBJC_MSGSEND = YES;
				GCC_C_LANGUAGE_STANDARD = gnu11;
				GCC_NO_COMMON_BLOCKS = YES;
				GCC_WARN_64_TO_32_BIT_CONVERSION = YES;
				GCC_WARN_ABOUT_RETURN_TYPE = YES_ERROR;
				GCC_WARN_UNDECLARED_SELECTOR = YES;
				GCC_WARN_UNINITIALIZED_AUTOS = YES_AGGRESSIVE;
				GCC_WARN_UNUSED_FUNCTION = YES;
				GCC_WARN_UNUSED_VARIABLE = YES;
				IPHONEOS_DEPLOYMENT_TARGET = 11.1;
				MTL_ENABLE_DEBUG_INFO = NO;
				SDKROOT = iphoneos;
				SWIFT_OPTIMIZATION_LEVEL = "-Owholemodule";
				VALIDATE_PRODUCT = YES;
			};
			name = Release;
		};
		30F04BA11FBB40D200D46F99 /* Debug */ = {
			isa = XCBuildConfiguration;
			buildSettings = {
				ASSETCATALOG_COMPILER_APPICON_NAME = AppIcon;
				CODE_SIGN_STYLE = Automatic;
				INFOPLIST_FILE = Demo/Info.plist;
				LD_RUNPATH_SEARCH_PATHS = "$(inherited) @executable_path/Frameworks";
				PRODUCT_BUNDLE_IDENTIFIER = harakenta.Demo;
				PRODUCT_NAME = "$(TARGET_NAME)";
				SWIFT_VERSION = 4.0;
				TARGETED_DEVICE_FAMILY = "1,2";
			};
			name = Debug;
		};
		30F04BA21FBB40D200D46F99 /* Release */ = {
			isa = XCBuildConfiguration;
			buildSettings = {
				ASSETCATALOG_COMPILER_APPICON_NAME = AppIcon;
				CODE_SIGN_STYLE = Automatic;
				INFOPLIST_FILE = Demo/Info.plist;
				LD_RUNPATH_SEARCH_PATHS = "$(inherited) @executable_path/Frameworks";
				PRODUCT_BUNDLE_IDENTIFIER = harakenta.Demo;
				PRODUCT_NAME = "$(TARGET_NAME)";
				SWIFT_VERSION = 4.0;
				TARGETED_DEVICE_FAMILY = "1,2";
			};
			name = Release;
		};
		30F04BA41FBB40D200D46F99 /* Debug */ = {
			isa = XCBuildConfiguration;
			buildSettings = {
				ALWAYS_EMBED_SWIFT_STANDARD_LIBRARIES = YES;
				BUNDLE_LOADER = "$(TEST_HOST)";
				CODE_SIGN_STYLE = Automatic;
				INFOPLIST_FILE = DemoTests/Info.plist;
				LD_RUNPATH_SEARCH_PATHS = "$(inherited) @executable_path/Frameworks @loader_path/Frameworks";
				PRODUCT_BUNDLE_IDENTIFIER = harakenta.DemoTests;
				PRODUCT_NAME = "$(TARGET_NAME)";
				SWIFT_VERSION = 4.0;
				TARGETED_DEVICE_FAMILY = "1,2";
				TEST_HOST = "$(BUILT_PRODUCTS_DIR)/Demo.app/Demo";
			};
			name = Debug;
		};
		30F04BA51FBB40D200D46F99 /* Release */ = {
			isa = XCBuildConfiguration;
			buildSettings = {
				ALWAYS_EMBED_SWIFT_STANDARD_LIBRARIES = YES;
				BUNDLE_LOADER = "$(TEST_HOST)";
				CODE_SIGN_STYLE = Automatic;
				INFOPLIST_FILE = DemoTests/Info.plist;
				LD_RUNPATH_SEARCH_PATHS = "$(inherited) @executable_path/Frameworks @loader_path/Frameworks";
				PRODUCT_BUNDLE_IDENTIFIER = harakenta.DemoTests;
				PRODUCT_NAME = "$(TARGET_NAME)";
				SWIFT_VERSION = 4.0;
				TARGETED_DEVICE_FAMILY = "1,2";
				TEST_HOST = "$(BUILT_PRODUCTS_DIR)/Demo.app/Demo";
			};
			name = Release;
		};
		30F04BA71FBB40D200D46F99 /* Debug */ = {
			isa = XCBuildConfiguration;
			buildSettings = {
				ALWAYS_EMBED_SWIFT_STANDARD_LIBRARIES = YES;
				CODE_SIGN_STYLE = Automatic;
				INFOPLIST_FILE = DemoUITests/Info.plist;
				LD_RUNPATH_SEARCH_PATHS = "$(inherited) @executable_path/Frameworks @loader_path/Frameworks";
				PRODUCT_BUNDLE_IDENTIFIER = harakenta.DemoUITests;
				PRODUCT_NAME = "$(TARGET_NAME)";
				SWIFT_VERSION = 4.0;
				TARGETED_DEVICE_FAMILY = "1,2";
				TEST_TARGET_NAME = Demo;
			};
			name = Debug;
		};
		30F04BA81FBB40D200D46F99 /* Release */ = {
			isa = XCBuildConfiguration;
			buildSettings = {
				ALWAYS_EMBED_SWIFT_STANDARD_LIBRARIES = YES;
				CODE_SIGN_STYLE = Automatic;
				INFOPLIST_FILE = DemoUITests/Info.plist;
				LD_RUNPATH_SEARCH_PATHS = "$(inherited) @executable_path/Frameworks @loader_path/Frameworks";
				PRODUCT_BUNDLE_IDENTIFIER = harakenta.DemoUITests;
				PRODUCT_NAME = "$(TARGET_NAME)";
				SWIFT_VERSION = 4.0;
				TARGETED_DEVICE_FAMILY = "1,2";
				TEST_TARGET_NAME = Demo;
			};
			name = Release;
		};
/* End XCBuildConfiguration section */

/* Begin XCConfigurationList section */
		30F04B731FBB40D200D46F99 /* Build configuration list for PBXProject "Demo" */ = {
			isa = XCConfigurationList;
			buildConfigurations = (
				30F04B9E1FBB40D200D46F99 /* Debug */,
				30F04B9F1FBB40D200D46F99 /* Release */,
			);
			defaultConfigurationIsVisible = 0;
			defaultConfigurationName = Release;
		};
		30F04BA01FBB40D200D46F99 /* Build configuration list for PBXNativeTarget "Demo" */ = {
			isa = XCConfigurationList;
			buildConfigurations = (
				30F04BA11FBB40D200D46F99 /* Debug */,
				30F04BA21FBB40D200D46F99 /* Release */,
			);
			defaultConfigurationIsVisible = 0;
			defaultConfigurationName = Release;
		};
		30F04BA31FBB40D200D46F99 /* Build configuration list for PBXNativeTarget "DemoTests" */ = {
			isa = XCConfigurationList;
			buildConfigurations = (
				30F04BA41FBB40D200D46F99 /* Debug */,
				30F04BA51FBB40D200D46F99 /* Release */,
			);
			defaultConfigurationIsVisible = 0;
			defaultConfigurationName = Release;
		};
		30F04BA61FBB40D200D46F99 /* Build configuration list for PBXNativeTarget "DemoUITests" */ = {
			isa = XCConfigurationList;
			buildConfigurations = (
				30F04BA71FBB40D200D46F99 /* Debug */,
				30F04BA81FBB40D200D46F99 /* Release */,
			);
			defaultConfigurationIsVisible = 0;
			defaultConfigurationName = Release;
		};
/* End XCConfigurationList section */
	};
	rootObject = 30F04B701FBB40D200D46F99 /* Project object */;
}
