// !$*UTF8*$!
{
	archiveVersion = 1;
	classes = {
	};
	objectVersion = 48;
	objects = {

/* Begin PBXBuildFile section */
		304F1A211FBB400A004438A3 /* MultilinePlaceholderTextView.framework in Frameworks */ = {isa = PBXBuildFile; fileRef = 304F1A171FBB400A004438A3 /* MultilinePlaceholderTextView.framework */; };
		304F1A261FBB400A004438A3 /* MultilinePlaceholderTextViewTests.swift in Sources */ = {isa = PBXBuildFile; fileRef = 304F1A251FBB400A004438A3 /* MultilinePlaceholderTextViewTests.swift */; };
		304F1A281FBB400A004438A3 /* MultilinePlaceholderTextView.h in Headers */ = {isa = PBXBuildFile; fileRef = 304F1A1A1FBB400A004438A3 /* MultilinePlaceholderTextView.h */; settings = {ATTRIBUTES = (Public, ); }; };
		30F04B6E1FBB408A00D46F99 /* PlaceHolderTextView.swift in Sources */ = {isa = PBXBuildFile; fileRef = 30F04B6D1FBB408A00D46F99 /* PlaceHolderTextView.swift */; };
/* End PBXBuildFile section */

/* Begin PBXContainerItemProxy section */
		304F1A221FBB400A004438A3 /* PBXContainerItemProxy */ = {
			isa = PBXContainerItemProxy;
			containerPortal = 304F1A0E1FBB400A004438A3 /* Project object */;
			proxyType = 1;
			remoteGlobalIDString = 304F1A161FBB400A004438A3;
			remoteInfo = MultilinePlaceholderTextView;
		};
/* End PBXContainerItemProxy section */

/* Begin PBXFileReference section */
		304F1A171FBB400A004438A3 /* MultilinePlaceholderTextView.framework */ = {isa = PBXFileReference; explicitFileType = wrapper.framework; includeInIndex = 0; path = MultilinePlaceholderTextView.framework; sourceTree = BUILT_PRODUCTS_DIR; };
		304F1A1A1FBB400A004438A3 /* MultilinePlaceholderTextView.h */ = {isa = PBXFileReference; lastKnownFileType = sourcecode.c.h; path = MultilinePlaceholderTextView.h; sourceTree = "<group>"; };
		304F1A1B1FBB400A004438A3 /* Info.plist */ = {isa = PBXFileReference; lastKnownFileType = text.plist.xml; path = Info.plist; sourceTree = "<group>"; };
		304F1A201FBB400A004438A3 /* MultilinePlaceholderTextViewTests.xctest */ = {isa = PBXFileReference; explicitFileType = wrapper.cfbundle; includeInIndex = 0; path = MultilinePlaceholderTextViewTests.xctest; sourceTree = BUILT_PRODUCTS_DIR; };
		304F1A251FBB400A004438A3 /* MultilinePlaceholderTextViewTests.swift */ = {isa = PBXFileReference; lastKnownFileType = sourcecode.swift; path = MultilinePlaceholderTextViewTests.swift; sourceTree = "<group>"; };
		304F1A271FBB400A004438A3 /* Info.plist */ = {isa = PBXFileReference; lastKnownFileType = text.plist.xml; path = Info.plist; sourceTree = "<group>"; };
		30F04B6D1FBB408A00D46F99 /* PlaceHolderTextView.swift */ = {isa = PBXFileReference; fileEncoding = 4; lastKnownFileType = sourcecode.swift; path = PlaceHolderTextView.swift; sourceTree = "<group>"; };
/* End PBXFileReference section */

/* Begin PBXFrameworksBuildPhase section */
		304F1A131FBB400A004438A3 /* Frameworks */ = {
			isa = PBXFrameworksBuildPhase;
			buildActionMask = 2147483647;
			files = (
			);
			runOnlyForDeploymentPostprocessing = 0;
		};
		304F1A1D1FBB400A004438A3 /* Frameworks */ = {
			isa = PBXFrameworksBuildPhase;
			buildActionMask = 2147483647;
			files = (
				304F1A211FBB400A004438A3 /* MultilinePlaceholderTextView.framework in Frameworks */,
			);
			runOnlyForDeploymentPostprocessing = 0;
		};
/* End PBXFrameworksBuildPhase section */

/* Begin PBXGroup section */
		304F1A0D1FBB400A004438A3 = {
			isa = PBXGroup;
			children = (
				304F1A191FBB400A004438A3 /* MultilinePlaceholderTextView */,
				304F1A241FBB400A004438A3 /* MultilinePlaceholderTextViewTests */,
				304F1A181FBB400A004438A3 /* Products */,
			);
			sourceTree = "<group>";
		};
		304F1A181FBB400A004438A3 /* Products */ = {
			isa = PBXGroup;
			children = (
				304F1A171FBB400A004438A3 /* MultilinePlaceholderTextView.framework */,
				304F1A201FBB400A004438A3 /* MultilinePlaceholderTextViewTests.xctest */,
			);
			name = Products;
			sourceTree = "<group>";
		};
		304F1A191FBB400A004438A3 /* MultilinePlaceholderTextView */ = {
			isa = PBXGroup;
			children = (
				30F04B6D1FBB408A00D46F99 /* PlaceHolderTextView.swift */,
				304F1A1A1FBB400A004438A3 /* MultilinePlaceholderTextView.h */,
				304F1A1B1FBB400A004438A3 /* Info.plist */,
			);
			path = MultilinePlaceholderTextView;
			sourceTree = "<group>";
		};
		304F1A241FBB400A004438A3 /* MultilinePlaceholderTextViewTests */ = {
			isa = PBXGroup;
			children = (
				304F1A251FBB400A004438A3 /* MultilinePlaceholderTextViewTests.swift */,
				304F1A271FBB400A004438A3 /* Info.plist */,
			);
			path = MultilinePlaceholderTextViewTests;
			sourceTree = "<group>";
		};
/* End PBXGroup section */

/* Begin PBXHeadersBuildPhase section */
		304F1A141FBB400A004438A3 /* Headers */ = {
			isa = PBXHeadersBuildPhase;
			buildActionMask = 2147483647;
			files = (
				304F1A281FBB400A004438A3 /* MultilinePlaceholderTextView.h in Headers */,
			);
			runOnlyForDeploymentPostprocessing = 0;
		};
/* End PBXHeadersBuildPhase section */

/* Begin PBXNativeTarget section */
		304F1A161FBB400A004438A3 /* MultilinePlaceholderTextView */ = {
			isa = PBXNativeTarget;
			buildConfigurationList = 304F1A2B1FBB400A004438A3 /* Build configuration list for PBXNativeTarget "MultilinePlaceholderTextView" */;
			buildPhases = (
				304F1A121FBB400A004438A3 /* Sources */,
				304F1A131FBB400A004438A3 /* Frameworks */,
				304F1A141FBB400A004438A3 /* Headers */,
				304F1A151FBB400A004438A3 /* Resources */,
			);
			buildRules = (
			);
			dependencies = (
			);
			name = MultilinePlaceholderTextView;
			productName = MultilinePlaceholderTextView;
			productReference = 304F1A171FBB400A004438A3 /* MultilinePlaceholderTextView.framework */;
			productType = "com.apple.product-type.framework";
		};
		304F1A1F1FBB400A004438A3 /* MultilinePlaceholderTextViewTests */ = {
			isa = PBXNativeTarget;
			buildConfigurationList = 304F1A2E1FBB400A004438A3 /* Build configuration list for PBXNativeTarget "MultilinePlaceholderTextViewTests" */;
			buildPhases = (
				304F1A1C1FBB400A004438A3 /* Sources */,
				304F1A1D1FBB400A004438A3 /* Frameworks */,
				304F1A1E1FBB400A004438A3 /* Resources */,
			);
			buildRules = (
			);
			dependencies = (
				304F1A231FBB400A004438A3 /* PBXTargetDependency */,
			);
			name = MultilinePlaceholderTextViewTests;
			productName = MultilinePlaceholderTextViewTests;
			productReference = 304F1A201FBB400A004438A3 /* MultilinePlaceholderTextViewTests.xctest */;
			productType = "com.apple.product-type.bundle.unit-test";
		};
/* End PBXNativeTarget section */

/* Begin PBXProject section */
		304F1A0E1FBB400A004438A3 /* Project object */ = {
			isa = PBXProject;
			attributes = {
				LastSwiftUpdateCheck = 0910;
				LastUpgradeCheck = 0910;
				ORGANIZATIONNAME = "Kenta Hara";
				TargetAttributes = {
					304F1A161FBB400A004438A3 = {
						CreatedOnToolsVersion = 9.1;
						LastSwiftMigration = 0910;
						ProvisioningStyle = Automatic;
					};
					304F1A1F1FBB400A004438A3 = {
						CreatedOnToolsVersion = 9.1;
						ProvisioningStyle = Automatic;
					};
				};
			};
			buildConfigurationList = 304F1A111FBB400A004438A3 /* Build configuration list for PBXProject "MultilinePlaceholderTextView" */;
			compatibilityVersion = "Xcode 8.0";
			developmentRegion = en;
			hasScannedForEncodings = 0;
			knownRegions = (
				en,
			);
			mainGroup = 304F1A0D1FBB400A004438A3;
			productRefGroup = 304F1A181FBB400A004438A3 /* Products */;
			projectDirPath = "";
			projectRoot = "";
			targets = (
				304F1A161FBB400A004438A3 /* MultilinePlaceholderTextView */,
				304F1A1F1FBB400A004438A3 /* MultilinePlaceholderTextViewTests */,
			);
		};
/* End PBXProject section */

/* Begin PBXResourcesBuildPhase section */
		304F1A151FBB400A004438A3 /* Resources */ = {
			isa = PBXResourcesBuildPhase;
			buildActionMask = 2147483647;
			files = (
			);
			runOnlyForDeploymentPostprocessing = 0;
		};
		304F1A1E1FBB400A004438A3 /* Resources */ = {
			isa = PBXResourcesBuildPhase;
			buildActionMask = 2147483647;
			files = (
			);
			runOnlyForDeploymentPostprocessing = 0;
		};
/* End PBXResourcesBuildPhase section */

/* Begin PBXSourcesBuildPhase section */
		304F1A121FBB400A004438A3 /* Sources */ = {
			isa = PBXSourcesBuildPhase;
			buildActionMask = 2147483647;
			files = (
				30F04B6E1FBB408A00D46F99 /* PlaceHolderTextView.swift in Sources */,
			);
			runOnlyForDeploymentPostprocessing = 0;
		};
		304F1A1C1FBB400A004438A3 /* Sources */ = {
			isa = PBXSourcesBuildPhase;
			buildActionMask = 2147483647;
			files = (
				304F1A261FBB400A004438A3 /* MultilinePlaceholderTextViewTests.swift in Sources */,
			);
			runOnlyForDeploymentPostprocessing = 0;
		};
/* End PBXSourcesBuildPhase section */

/* Begin PBXTargetDependency section */
		304F1A231FBB400A004438A3 /* PBXTargetDependency */ = {
			isa = PBXTargetDependency;
			target = 304F1A161FBB400A004438A3 /* MultilinePlaceholderTextView */;
			targetProxy = 304F1A221FBB400A004438A3 /* PBXContainerItemProxy */;
		};
/* End PBXTargetDependency section */

/* Begin XCBuildConfiguration section */
		304F1A291FBB400A004438A3 /* Debug */ = {
			isa = XCBuildConfiguration;
			buildSettings = {
				ALWAYS_SEARCH_USER_PATHS = NO;
				CLANG_ANALYZER_NONNULL = YES;
				CLANG_ANALYZER_NUMBER_OBJECT_CONVERSION = YES_AGGRESSIVE;
				CLANG_CXX_LANGUAGE_STANDARD = "gnu++14";
				CLANG_CXX_LIBRARY = "libc++";
				CLANG_ENABLE_MODULES = YES;
				CLANG_ENABLE_OBJC_ARC = YES;
				CLANG_WARN_BLOCK_CAPTURE_AUTORELEASING = YES;
				CLANG_WARN_BOOL_CONVERSION = YES;
				CLANG_WARN_COMMA = YES;
				CLANG_WARN_CONSTANT_CONVERSION = YES;
				CLANG_WARN_DIRECT_OBJC_ISA_USAGE = YES_ERROR;
				CLANG_WARN_DOCUMENTATION_COMMENTS = YES;
				CLANG_WARN_EMPTY_BODY = YES;
				CLANG_WARN_ENUM_CONVERSION = YES;
				CLANG_WARN_INFINITE_RECURSION = YES;
				CLANG_WARN_INT_CONVERSION = YES;
				CLANG_WARN_NON_LITERAL_NULL_CONVERSION = YES;
				CLANG_WARN_OBJC_LITERAL_CONVERSION = YES;
				CLANG_WARN_OBJC_ROOT_CLASS = YES_ERROR;
				CLANG_WARN_RANGE_LOOP_ANALYSIS = YES;
				CLANG_WARN_STRICT_PROTOTYPES = YES;
				CLANG_WARN_SUSPICIOUS_MOVE = YES;
				CLANG_WARN_UNGUARDED_AVAILABILITY = YES_AGGRESSIVE;
				CLANG_WARN_UNREACHABLE_CODE = YES;
				CLANG_WARN__DUPLICATE_METHOD_MATCH = YES;
				CODE_SIGN_IDENTITY = "iPhone Developer";
				COPY_PHASE_STRIP = NO;
				CURRENT_PROJECT_VERSION = 1;
				DEBUG_INFORMATION_FORMAT = dwarf;
				ENABLE_STRICT_OBJC_MSGSEND = YES;
				ENABLE_TESTABILITY = YES;
				GCC_C_LANGUAGE_STANDARD = gnu11;
				GCC_DYNAMIC_NO_PIC = NO;
				GCC_NO_COMMON_BLOCKS = YES;
				GCC_OPTIMIZATION_LEVEL = 0;
				GCC_PREPROCESSOR_DEFINITIONS = (
					"DEBUG=1",
					"$(inherited)",
				);
				GCC_WARN_64_TO_32_BIT_CONVERSION = YES;
				GCC_WARN_ABOUT_RETURN_TYPE = YES_ERROR;
				GCC_WARN_UNDECLARED_SELECTOR = YES;
				GCC_WARN_UNINITIALIZED_AUTOS = YES_AGGRESSIVE;
				GCC_WARN_UNUSED_FUNCTION = YES;
				GCC_WARN_UNUSED_VARIABLE = YES;
				IPHONEOS_DEPLOYMENT_TARGET = 11.1;
				MTL_ENABLE_DEBUG_INFO = YES;
				ONLY_ACTIVE_ARCH = YES;
				SDKROOT = iphoneos;
				SWIFT_ACTIVE_COMPILATION_CONDITIONS = DEBUG;
				SWIFT_OPTIMIZATION_LEVEL = "-Onone";
				VERSIONING_SYSTEM = "apple-generic";
				VERSION_INFO_PREFIX = "";
			};
			name = Debug;
		};
		304F1A2A1FBB400A004438A3 /* Release */ = {
			isa = XCBuildConfiguration;
			buildSettings = {
				ALWAYS_SEARCH_USER_PATHS = NO;
				CLANG_ANALYZER_NONNULL = YES;
				CLANG_ANALYZER_NUMBER_OBJECT_CONVERSION = YES_AGGRESSIVE;
				CLANG_CXX_LANGUAGE_STANDARD = "gnu++14";
				CLANG_CXX_LIBRARY = "libc++";
				CLANG_ENABLE_MODULES = YES;
				CLANG_ENABLE_OBJC_ARC = YES;
				CLANG_WARN_BLOCK_CAPTURE_AUTORELEASING = YES;
				CLANG_WARN_BOOL_CONVERSION = YES;
				CLANG_WARN_COMMA = YES;
				CLANG_WARN_CONSTANT_CONVERSION = YES;
				CLANG_WARN_DIRECT_OBJC_ISA_USAGE = YES_ERROR;
				CLANG_WARN_DOCUMENTATION_COMMENTS = YES;
				CLANG_WARN_EMPTY_BODY = YES;
				CLANG_WARN_ENUM_CONVERSION = YES;
				CLANG_WARN_INFINITE_RECURSION = YES;
				CLANG_WARN_INT_CONVERSION = YES;
				CLANG_WARN_NON_LITERAL_NULL_CONVERSION = YES;
				CLANG_WARN_OBJC_LITERAL_CONVERSION = YES;
				CLANG_WARN_OBJC_ROOT_CLASS = YES_ERROR;
				CLANG_WARN_RANGE_LOOP_ANALYSIS = YES;
				CLANG_WARN_STRICT_PROTOTYPES = YES;
				CLANG_WARN_SUSPICIOUS_MOVE = YES;
				CLANG_WARN_UNGUARDED_AVAILABILITY = YES_AGGRESSIVE;
				CLANG_WARN_UNREACHABLE_CODE = YES;
				CLANG_WARN__DUPLICATE_METHOD_MATCH = YES;
				CODE_SIGN_IDENTITY = "iPhone Developer";
				COPY_PHASE_STRIP = NO;
				CURRENT_PROJECT_VERSION = 1;
				DEBUG_INFORMATION_FORMAT = "dwarf-with-dsym";
				ENABLE_NS_ASSERTIONS = NO;
				ENABLE_STRICT_OBJC_MSGSEND = YES;
				GCC_C_LANGUAGE_STANDARD = gnu11;
				GCC_NO_COMMON_BLOCKS = YES;
				GCC_WARN_64_TO_32_BIT_CONVERSION = YES;
				GCC_WARN_ABOUT_RETURN_TYPE = YES_ERROR;
				GCC_WARN_UNDECLARED_SELECTOR = YES;
				GCC_WARN_UNINITIALIZED_AUTOS = YES_AGGRESSIVE;
				GCC_WARN_UNUSED_FUNCTION = YES;
				GCC_WARN_UNUSED_VARIABLE = YES;
				IPHONEOS_DEPLOYMENT_TARGET = 11.1;
				MTL_ENABLE_DEBUG_INFO = NO;
				SDKROOT = iphoneos;
				SWIFT_OPTIMIZATION_LEVEL = "-Owholemodule";
				VALIDATE_PRODUCT = YES;
				VERSIONING_SYSTEM = "apple-generic";
				VERSION_INFO_PREFIX = "";
			};
			name = Release;
		};
		304F1A2C1FBB400A004438A3 /* Debug */ = {
			isa = XCBuildConfiguration;
			buildSettings = {
				CLANG_ENABLE_MODULES = YES;
				CODE_SIGN_IDENTITY = "";
				CODE_SIGN_STYLE = Automatic;
				DEFINES_MODULE = YES;
				DYLIB_COMPATIBILITY_VERSION = 1;
				DYLIB_CURRENT_VERSION = 1;
				DYLIB_INSTALL_NAME_BASE = "@rpath";
				INFOPLIST_FILE = MultilinePlaceholderTextView/Info.plist;
				INSTALL_PATH = "$(LOCAL_LIBRARY_DIR)/Frameworks";
				LD_RUNPATH_SEARCH_PATHS = "$(inherited) @executable_path/Frameworks @loader_path/Frameworks";
				PRODUCT_BUNDLE_IDENTIFIER = harakenta.MultilinePlaceholderTextView;
				PRODUCT_NAME = "$(TARGET_NAME:c99extidentifier)";
				SKIP_INSTALL = YES;
				SWIFT_OPTIMIZATION_LEVEL = "-Onone";
				SWIFT_VERSION = 4.0;
				TARGETED_DEVICE_FAMILY = "1,2";
			};
			name = Debug;
		};
		304F1A2D1FBB400A004438A3 /* Release */ = {
			isa = XCBuildConfiguration;
			buildSettings = {
				CLANG_ENABLE_MODULES = YES;
				CODE_SIGN_IDENTITY = "";
				CODE_SIGN_STYLE = Automatic;
				DEFINES_MODULE = YES;
				DYLIB_COMPATIBILITY_VERSION = 1;
				DYLIB_CURRENT_VERSION = 1;
				DYLIB_INSTALL_NAME_BASE = "@rpath";
				INFOPLIST_FILE = MultilinePlaceholderTextView/Info.plist;
				INSTALL_PATH = "$(LOCAL_LIBRARY_DIR)/Frameworks";
				LD_RUNPATH_SEARCH_PATHS = "$(inherited) @executable_path/Frameworks @loader_path/Frameworks";
				PRODUCT_BUNDLE_IDENTIFIER = harakenta.MultilinePlaceholderTextView;
				PRODUCT_NAME = "$(TARGET_NAME:c99extidentifier)";
				SKIP_INSTALL = YES;
				SWIFT_VERSION = 4.0;
				TARGETED_DEVICE_FAMILY = "1,2";
			};
			name = Release;
		};
		304F1A2F1FBB400A004438A3 /* Debug */ = {
			isa = XCBuildConfiguration;
			buildSettings = {
				ALWAYS_EMBED_SWIFT_STANDARD_LIBRARIES = YES;
				CODE_SIGN_STYLE = Automatic;
				INFOPLIST_FILE = MultilinePlaceholderTextViewTests/Info.plist;
				LD_RUNPATH_SEARCH_PATHS = "$(inherited) @executable_path/Frameworks @loader_path/Frameworks";
				PRODUCT_BUNDLE_IDENTIFIER = harakenta.MultilinePlaceholderTextViewTests;
				PRODUCT_NAME = "$(TARGET_NAME)";
				SWIFT_VERSION = 4.0;
				TARGETED_DEVICE_FAMILY = "1,2";
			};
			name = Debug;
		};
		304F1A301FBB400A004438A3 /* Release */ = {
			isa = XCBuildConfiguration;
			buildSettings = {
				ALWAYS_EMBED_SWIFT_STANDARD_LIBRARIES = YES;
				CODE_SIGN_STYLE = Automatic;
				INFOPLIST_FILE = MultilinePlaceholderTextViewTests/Info.plist;
				LD_RUNPATH_SEARCH_PATHS = "$(inherited) @executable_path/Frameworks @loader_path/Frameworks";
				PRODUCT_BUNDLE_IDENTIFIER = harakenta.MultilinePlaceholderTextViewTests;
				PRODUCT_NAME = "$(TARGET_NAME)";
				SWIFT_VERSION = 4.0;
				TARGETED_DEVICE_FAMILY = "1,2";
			};
			name = Release;
		};
/* End XCBuildConfiguration section */

/* Begin XCConfigurationList section */
		304F1A111FBB400A004438A3 /* Build configuration list for PBXProject "MultilinePlaceholderTextView" */ = {
			isa = XCConfigurationList;
			buildConfigurations = (
				304F1A291FBB400A004438A3 /* Debug */,
				304F1A2A1FBB400A004438A3 /* Release */,
			);
			defaultConfigurationIsVisible = 0;
			defaultConfigurationName = Release;
		};
		304F1A2B1FBB400A004438A3 /* Build configuration list for PBXNativeTarget "MultilinePlaceholderTextView" */ = {
			isa = XCConfigurationList;
			buildConfigurations = (
				304F1A2C1FBB400A004438A3 /* Debug */,
				304F1A2D1FBB400A004438A3 /* Release */,
			);
			defaultConfigurationIsVisible = 0;
			defaultConfigurationName = Release;
		};
		304F1A2E1FBB400A004438A3 /* Build configuration list for PBXNativeTarget "MultilinePlaceholderTextViewTests" */ = {
			isa = XCConfigurationList;
			buildConfigurations = (
				304F1A2F1FBB400A004438A3 /* Debug */,
				304F1A301FBB400A004438A3 /* Release */,
			);
			defaultConfigurationIsVisible = 0;
			defaultConfigurationName = Release;
		};
/* End XCConfigurationList section */
	};
	rootObject = 304F1A0E1FBB400A004438A3 /* Project object */;
}
