// !$*UTF8*$!
{
	archiveVersion = 1;
	classes = {
	};
	objectVersion = 48;
	objects = {

/* Begin PBXBuildFile section */
		300D7D801FBB54F700AE8AD8 /* AppDelegate.swift in Sources */ = {isa = PBXBuildFile; fileRef = 300D7D7F1FBB54F700AE8AD8 /* AppDelegate.swift */; };
		300D7D821FBB54F700AE8AD8 /* ViewController.swift in Sources */ = {isa = PBXBuildFile; fileRef = 300D7D811FBB54F700AE8AD8 /* ViewController.swift */; };
		300D7D851FBB54F700AE8AD8 /* Main.storyboard in Resources */ = {isa = PBXBuildFile; fileRef = 300D7D831FBB54F700AE8AD8 /* Main.storyboard */; };
		300D7D871FBB54F700AE8AD8 /* Assets.xcassets in Resources */ = {isa = PBXBuildFile; fileRef = 300D7D861FBB54F700AE8AD8 /* Assets.xcassets */; };
		300D7D8A1FBB54F700AE8AD8 /* LaunchScreen.storyboard in Resources */ = {isa = PBXBuildFile; fileRef = 300D7D881FBB54F700AE8AD8 /* LaunchScreen.storyboard */; };
		300D7D951FBB54F700AE8AD8 /* DemoTests.swift in Sources */ = {isa = PBXBuildFile; fileRef = 300D7D941FBB54F700AE8AD8 /* DemoTests.swift */; };
		300D7DA01FBB54F700AE8AD8 /* DemoUITests.swift in Sources */ = {isa = PBXBuildFile; fileRef = 300D7D9F1FBB54F700AE8AD8 /* DemoUITests.swift */; };
		3095E7551FBBCDF300DEF1BD /* MultilinePlaceholderTextView.framework in Frameworks */ = {isa = PBXBuildFile; fileRef = 3095E7541FBBCDF300DEF1BD /* MultilinePlaceholderTextView.framework */; };
/* End PBXBuildFile section */

/* Begin PBXContainerItemProxy section */
		300D7D911FBB54F700AE8AD8 /* PBXContainerItemProxy */ = {
			isa = PBXContainerItemProxy;
			containerPortal = 300D7D741FBB54F700AE8AD8 /* Project object */;
			proxyType = 1;
			remoteGlobalIDString = 300D7D7B1FBB54F700AE8AD8;
			remoteInfo = Demo;
		};
		300D7D9C1FBB54F700AE8AD8 /* PBXContainerItemProxy */ = {
			isa = PBXContainerItemProxy;
			containerPortal = 300D7D741FBB54F700AE8AD8 /* Project object */;
			proxyType = 1;
			remoteGlobalIDString = 300D7D7B1FBB54F700AE8AD8;
			remoteInfo = Demo;
		};
/* End PBXContainerItemProxy section */

/* Begin PBXFileReference section */
		300D7D7C1FBB54F700AE8AD8 /* Demo.app */ = {isa = PBXFileReference; explicitFileType = wrapper.application; includeInIndex = 0; path = Demo.app; sourceTree = BUILT_PRODUCTS_DIR; };
		300D7D7F1FBB54F700AE8AD8 /* AppDelegate.swift */ = {isa = PBXFileReference; lastKnownFileType = sourcecode.swift; path = AppDelegate.swift; sourceTree = "<group>"; };
		300D7D811FBB54F700AE8AD8 /* ViewController.swift */ = {isa = PBXFileReference; lastKnownFileType = sourcecode.swift; path = ViewController.swift; sourceTree = "<group>"; };
		300D7D841FBB54F700AE8AD8 /* Base */ = {isa = PBXFileReference; lastKnownFileType = file.storyboard; name = Base; path = Base.lproj/Main.storyboard; sourceTree = "<group>"; };
		300D7D861FBB54F700AE8AD8 /* Assets.xcassets */ = {isa = PBXFileReference; lastKnownFileType = folder.assetcatalog; path = Assets.xcassets; sourceTree = "<group>"; };
		300D7D891FBB54F700AE8AD8 /* Base */ = {isa = PBXFileReference; lastKnownFileType = file.storyboard; name = Base; path = Base.lproj/LaunchScreen.storyboard; sourceTree = "<group>"; };
		300D7D8B1FBB54F700AE8AD8 /* Info.plist */ = {isa = PBXFileReference; lastKnownFileType = text.plist.xml; path = Info.plist; sourceTree = "<group>"; };
		300D7D901FBB54F700AE8AD8 /* DemoTests.xctest */ = {isa = PBXFileReference; explicitFileType = wrapper.cfbundle; includeInIndex = 0; path = DemoTests.xctest; sourceTree = BUILT_PRODUCTS_DIR; };
		300D7D941FBB54F700AE8AD8 /* DemoTests.swift */ = {isa = PBXFileReference; lastKnownFileType = sourcecode.swift; path = DemoTests.swift; sourceTree = "<group>"; };
		300D7D961FBB54F700AE8AD8 /* Info.plist */ = {isa = PBXFileReference; lastKnownFileType = text.plist.xml; path = Info.plist; sourceTree = "<group>"; };
		300D7D9B1FBB54F700AE8AD8 /* DemoUITests.xctest */ = {isa = PBXFileReference; explicitFileType = wrapper.cfbundle; includeInIndex = 0; path = DemoUITests.xctest; sourceTree = BUILT_PRODUCTS_DIR; };
		300D7D9F1FBB54F700AE8AD8 /* DemoUITests.swift */ = {isa = PBXFileReference; lastKnownFileType = sourcecode.swift; path = DemoUITests.swift; sourceTree = "<group>"; };
		300D7DA11FBB54F700AE8AD8 /* Info.plist */ = {isa = PBXFileReference; lastKnownFileType = text.plist.xml; path = Info.plist; sourceTree = "<group>"; };
		3095E7541FBBCDF300DEF1BD /* MultilinePlaceholderTextView.framework */ = {isa = PBXFileReference; lastKnownFileType = wrapper.framework; name = MultilinePlaceholderTextView.framework; path = Carthage/Build/iOS/MultilinePlaceholderTextView.framework; sourceTree = "<group>"; };
/* End PBXFileReference section */

/* Begin PBXFrameworksBuildPhase section */
		300D7D791FBB54F700AE8AD8 /* Frameworks */ = {
			isa = PBXFrameworksBuildPhase;
			buildActionMask = 2147483647;
			files = (
				3095E7551FBBCDF300DEF1BD /* MultilinePlaceholderTextView.framework in Frameworks */,
			);
			runOnlyForDeploymentPostprocessing = 0;
		};
		300D7D8D1FBB54F700AE8AD8 /* Frameworks */ = {
			isa = PBXFrameworksBuildPhase;
			buildActionMask = 2147483647;
			files = (
			);
			runOnlyForDeploymentPostprocessing = 0;
		};
		300D7D981FBB54F700AE8AD8 /* Frameworks */ = {
			isa = PBXFrameworksBuildPhase;
			buildActionMask = 2147483647;
			files = (
			);
			runOnlyForDeploymentPostprocessing = 0;
		};
/* End PBXFrameworksBuildPhase section */

/* Begin PBXGroup section */
		300D7D731FBB54F700AE8AD8 = {
			isa = PBXGroup;
			children = (
				300D7D7E1FBB54F700AE8AD8 /* Demo */,
				300D7D931FBB54F700AE8AD8 /* DemoTests */,
				300D7D9E1FBB54F700AE8AD8 /* DemoUITests */,
				300D7D7D1FBB54F700AE8AD8 /* Products */,
				7FAB6CDA74DE948ABB7A6D0A /* Frameworks */,
			);
			sourceTree = "<group>";
		};
		300D7D7D1FBB54F700AE8AD8 /* Products */ = {
			isa = PBXGroup;
			children = (
				300D7D7C1FBB54F700AE8AD8 /* Demo.app */,
				300D7D901FBB54F700AE8AD8 /* DemoTests.xctest */,
				300D7D9B1FBB54F700AE8AD8 /* DemoUITests.xctest */,
			);
			name = Products;
			sourceTree = "<group>";
		};
		300D7D7E1FBB54F700AE8AD8 /* Demo */ = {
			isa = PBXGroup;
			children = (
				300D7D7F1FBB54F700AE8AD8 /* AppDelegate.swift */,
				300D7D811FBB54F700AE8AD8 /* ViewController.swift */,
				300D7D831FBB54F700AE8AD8 /* Main.storyboard */,
				300D7D861FBB54F700AE8AD8 /* Assets.xcassets */,
				300D7D881FBB54F700AE8AD8 /* LaunchScreen.storyboard */,
				300D7D8B1FBB54F700AE8AD8 /* Info.plist */,
			);
			path = Demo;
			sourceTree = "<group>";
		};
		300D7D931FBB54F700AE8AD8 /* DemoTests */ = {
			isa = PBXGroup;
			children = (
				300D7D941FBB54F700AE8AD8 /* DemoTests.swift */,
				300D7D961FBB54F700AE8AD8 /* Info.plist */,
			);
			path = DemoTests;
			sourceTree = "<group>";
		};
		300D7D9E1FBB54F700AE8AD8 /* DemoUITests */ = {
			isa = PBXGroup;
			children = (
				300D7D9F1FBB54F700AE8AD8 /* DemoUITests.swift */,
				300D7DA11FBB54F700AE8AD8 /* Info.plist */,
			);
			path = DemoUITests;
			sourceTree = "<group>";
		};
		7FAB6CDA74DE948ABB7A6D0A /* Frameworks */ = {
			isa = PBXGroup;
			children = (
				3095E7541FBBCDF300DEF1BD /* MultilinePlaceholderTextView.framework */,
			);
			name = Frameworks;
			sourceTree = "<group>";
		};
/* End PBXGroup section */

/* Begin PBXNativeTarget section */
		300D7D7B1FBB54F700AE8AD8 /* Demo */ = {
			isa = PBXNativeTarget;
			buildConfigurationList = 300D7DA41FBB54F700AE8AD8 /* Build configuration list for PBXNativeTarget "Demo" */;
			buildPhases = (
				300D7D781FBB54F700AE8AD8 /* Sources */,
				300D7D791FBB54F700AE8AD8 /* Frameworks */,
				300D7D7A1FBB54F700AE8AD8 /* Resources */,
				3095E7561FBBCE0200DEF1BD /* ShellScript */,
			);
			buildRules = (
			);
			dependencies = (
			);
			name = Demo;
			productName = Demo;
			productReference = 300D7D7C1FBB54F700AE8AD8 /* Demo.app */;
			productType = "com.apple.product-type.application";
		};
		300D7D8F1FBB54F700AE8AD8 /* DemoTests */ = {
			isa = PBXNativeTarget;
			buildConfigurationList = 300D7DA71FBB54F700AE8AD8 /* Build configuration list for PBXNativeTarget "DemoTests" */;
			buildPhases = (
				E359D13B15905A5A585734EB /* [CP] Check Pods Manifest.lock */,
				300D7D8C1FBB54F700AE8AD8 /* Sources */,
				300D7D8D1FBB54F700AE8AD8 /* Frameworks */,
				300D7D8E1FBB54F700AE8AD8 /* Resources */,
				8840428CC9B2378EEFEC3D60 /* [CP] Embed Pods Frameworks */,
				E725E1D78DE77429765AB40B /* [CP] Copy Pods Resources */,
			);
			buildRules = (
			);
			dependencies = (
				300D7D921FBB54F700AE8AD8 /* PBXTargetDependency */,
			);
			name = DemoTests;
			productName = DemoTests;
			productReference = 300D7D901FBB54F700AE8AD8 /* DemoTests.xctest */;
			productType = "com.apple.product-type.bundle.unit-test";
		};
		300D7D9A1FBB54F700AE8AD8 /* DemoUITests */ = {
			isa = PBXNativeTarget;
			buildConfigurationList = 300D7DAA1FBB54F700AE8AD8 /* Build configuration list for PBXNativeTarget "DemoUITests" */;
			buildPhases = (
				942419DAE4B79A57D2351AB9 /* [CP] Check Pods Manifest.lock */,
				300D7D971FBB54F700AE8AD8 /* Sources */,
				300D7D981FBB54F700AE8AD8 /* Frameworks */,
				300D7D991FBB54F700AE8AD8 /* Resources */,
				6F068F756FFC4ADF1DB8D1C9 /* [CP] Embed Pods Frameworks */,
				6F5A3C3F6917F73CA542CB67 /* [CP] Copy Pods Resources */,
			);
			buildRules = (
			);
			dependencies = (
				300D7D9D1FBB54F700AE8AD8 /* PBXTargetDependency */,
			);
			name = DemoUITests;
			productName = DemoUITests;
			productReference = 300D7D9B1FBB54F700AE8AD8 /* DemoUITests.xctest */;
			productType = "com.apple.product-type.bundle.ui-testing";
		};
/* End PBXNativeTarget section */

/* Begin PBXProject section */
		300D7D741FBB54F700AE8AD8 /* Project object */ = {
			isa = PBXProject;
			attributes = {
				LastSwiftUpdateCheck = 0910;
				LastUpgradeCheck = 0910;
				ORGANIZATIONNAME = "Kenta Hara";
				TargetAttributes = {
					300D7D7B1FBB54F700AE8AD8 = {
						CreatedOnToolsVersion = 9.1;
						ProvisioningStyle = Automatic;
					};
					300D7D8F1FBB54F700AE8AD8 = {
						CreatedOnToolsVersion = 9.1;
						ProvisioningStyle = Automatic;
						TestTargetID = 300D7D7B1FBB54F700AE8AD8;
					};
					300D7D9A1FBB54F700AE8AD8 = {
						CreatedOnToolsVersion = 9.1;
						ProvisioningStyle = Automatic;
						TestTargetID = 300D7D7B1FBB54F700AE8AD8;
					};
				};
			};
			buildConfigurationList = 300D7D771FBB54F700AE8AD8 /* Build configuration list for PBXProject "Demo" */;
			compatibilityVersion = "Xcode 8.0";
			developmentRegion = en;
			hasScannedForEncodings = 0;
			knownRegions = (
				en,
				Base,
			);
			mainGroup = 300D7D731FBB54F700AE8AD8;
			productRefGroup = 300D7D7D1FBB54F700AE8AD8 /* Products */;
			projectDirPath = "";
			projectRoot = "";
			targets = (
				300D7D7B1FBB54F700AE8AD8 /* Demo */,
				300D7D8F1FBB54F700AE8AD8 /* DemoTests */,
				300D7D9A1FBB54F700AE8AD8 /* DemoUITests */,
			);
		};
/* End PBXProject section */

/* Begin PBXResourcesBuildPhase section */
		300D7D7A1FBB54F700AE8AD8 /* Resources */ = {
			isa = PBXResourcesBuildPhase;
			buildActionMask = 2147483647;
			files = (
				300D7D8A1FBB54F700AE8AD8 /* LaunchScreen.storyboard in Resources */,
				300D7D871FBB54F700AE8AD8 /* Assets.xcassets in Resources */,
				300D7D851FBB54F700AE8AD8 /* Main.storyboard in Resources */,
			);
			runOnlyForDeploymentPostprocessing = 0;
		};
		300D7D8E1FBB54F700AE8AD8 /* Resources */ = {
			isa = PBXResourcesBuildPhase;
			buildActionMask = 2147483647;
			files = (
			);
			runOnlyForDeploymentPostprocessing = 0;
		};
		300D7D991FBB54F700AE8AD8 /* Resources */ = {
			isa = PBXResourcesBuildPhase;
			buildActionMask = 2147483647;
			files = (
			);
			runOnlyForDeploymentPostprocessing = 0;
		};
/* End PBXResourcesBuildPhase section */

/* Begin PBXShellScriptBuildPhase section */
		3095E7561FBBCE0200DEF1BD /* ShellScript */ = {
			isa = PBXShellScriptBuildPhase;
			buildActionMask = 2147483647;
			files = (
			);
			inputPaths = (
				"$(SRCROOT)/Carthage/Build/iOS/MultilinePlaceholderTextView.framework",
			);
			outputPaths = (
			);
			runOnlyForDeploymentPostprocessing = 0;
			shellPath = /bin/sh;
			shellScript = "/usr/local/bin/carthage copy-frameworks";
		};
		6F068F756FFC4ADF1DB8D1C9 /* [CP] Embed Pods Frameworks */ = {
			isa = PBXShellScriptBuildPhase;
			buildActionMask = 2147483647;
			files = (
			);
			inputPaths = (
			);
			name = "[CP] Embed Pods Frameworks";
			outputPaths = (
			);
			runOnlyForDeploymentPostprocessing = 0;
			shellPath = /bin/sh;
			shellScript = "\"${SRCROOT}/Pods/Target Support Files/Pods-DemoUITests/Pods-DemoUITests-frameworks.sh\"\n";
			showEnvVarsInLog = 0;
		};
		6F5A3C3F6917F73CA542CB67 /* [CP] Copy Pods Resources */ = {
			isa = PBXShellScriptBuildPhase;
			buildActionMask = 2147483647;
			files = (
			);
			inputPaths = (
			);
			name = "[CP] Copy Pods Resources";
			outputPaths = (
			);
			runOnlyForDeploymentPostprocessing = 0;
			shellPath = /bin/sh;
			shellScript = "\"${SRCROOT}/Pods/Target Support Files/Pods-DemoUITests/Pods-DemoUITests-resources.sh\"\n";
			showEnvVarsInLog = 0;
		};
		8840428CC9B2378EEFEC3D60 /* [CP] Embed Pods Frameworks */ = {
			isa = PBXShellScriptBuildPhase;
			buildActionMask = 2147483647;
			files = (
			);
			inputPaths = (
			);
			name = "[CP] Embed Pods Frameworks";
			outputPaths = (
			);
			runOnlyForDeploymentPostprocessing = 0;
			shellPath = /bin/sh;
			shellScript = "\"${SRCROOT}/Pods/Target Support Files/Pods-DemoTests/Pods-DemoTests-frameworks.sh\"\n";
			showEnvVarsInLog = 0;
		};
		942419DAE4B79A57D2351AB9 /* [CP] Check Pods Manifest.lock */ = {
			isa = PBXShellScriptBuildPhase;
			buildActionMask = 2147483647;
			files = (
			);
			inputPaths = (
				"${PODS_PODFILE_DIR_PATH}/Podfile.lock",
				"${PODS_ROOT}/Manifest.lock",
			);
			name = "[CP] Check Pods Manifest.lock";
			outputPaths = (
				"$(DERIVED_FILE_DIR)/Pods-DemoUITests-checkManifestLockResult.txt",
			);
			runOnlyForDeploymentPostprocessing = 0;
			shellPath = /bin/sh;
			shellScript = "diff \"${PODS_PODFILE_DIR_PATH}/Podfile.lock\" \"${PODS_ROOT}/Manifest.lock\" > /dev/null\nif [ $? != 0 ] ; then\n    # print error to STDERR\n    echo \"error: The sandbox is not in sync with the Podfile.lock. Run 'pod install' or update your CocoaPods installation.\" >&2\n    exit 1\nfi\n# This output is used by Xcode 'outputs' to avoid re-running this script phase.\necho \"SUCCESS\" > \"${SCRIPT_OUTPUT_FILE_0}\"\n";
			showEnvVarsInLog = 0;
		};
		E359D13B15905A5A585734EB /* [CP] Check Pods Manifest.lock */ = {
			isa = PBXShellScriptBuildPhase;
			buildActionMask = 2147483647;
			files = (
			);
			inputPaths = (
				"${PODS_PODFILE_DIR_PATH}/Podfile.lock",
				"${PODS_ROOT}/Manifest.lock",
			);
			name = "[CP] Check Pods Manifest.lock";
			outputPaths = (
				"$(DERIVED_FILE_DIR)/Pods-DemoTests-checkManifestLockResult.txt",
			);
			runOnlyForDeploymentPostprocessing = 0;
			shellPath = /bin/sh;
			shellScript = "diff \"${PODS_PODFILE_DIR_PATH}/Podfile.lock\" \"${PODS_ROOT}/Manifest.lock\" > /dev/null\nif [ $? != 0 ] ; then\n    # print error to STDERR\n    echo \"error: The sandbox is not in sync with the Podfile.lock. Run 'pod install' or update your CocoaPods installation.\" >&2\n    exit 1\nfi\n# This output is used by Xcode 'outputs' to avoid re-running this script phase.\necho \"SUCCESS\" > \"${SCRIPT_OUTPUT_FILE_0}\"\n";
			showEnvVarsInLog = 0;
		};
		E725E1D78DE77429765AB40B /* [CP] Copy Pods Resources */ = {
			isa = PBXShellScriptBuildPhase;
			buildActionMask = 2147483647;
			files = (
			);
			inputPaths = (
			);
			name = "[CP] Copy Pods Resources";
			outputPaths = (
			);
			runOnlyForDeploymentPostprocessing = 0;
			shellPath = /bin/sh;
			shellScript = "\"${SRCROOT}/Pods/Target Support Files/Pods-DemoTests/Pods-DemoTests-resources.sh\"\n";
			showEnvVarsInLog = 0;
		};
/* End PBXShellScriptBuildPhase section */

/* Begin PBXSourcesBuildPhase section */
		300D7D781FBB54F700AE8AD8 /* Sources */ = {
			isa = PBXSourcesBuildPhase;
			buildActionMask = 2147483647;
			files = (
				300D7D821FBB54F700AE8AD8 /* ViewController.swift in Sources */,
				300D7D801FBB54F700AE8AD8 /* AppDelegate.swift in Sources */,
			);
			runOnlyForDeploymentPostprocessing = 0;
		};
		300D7D8C1FBB54F700AE8AD8 /* Sources */ = {
			isa = PBXSourcesBuildPhase;
			buildActionMask = 2147483647;
			files = (
				300D7D951FBB54F700AE8AD8 /* DemoTests.swift in Sources */,
			);
			runOnlyForDeploymentPostprocessing = 0;
		};
		300D7D971FBB54F700AE8AD8 /* Sources */ = {
			isa = PBXSourcesBuildPhase;
			buildActionMask = 2147483647;
			files = (
				300D7DA01FBB54F700AE8AD8 /* DemoUITests.swift in Sources */,
			);
			runOnlyForDeploymentPostprocessing = 0;
		};
/* End PBXSourcesBuildPhase section */

/* Begin PBXTargetDependency section */
		300D7D921FBB54F700AE8AD8 /* PBXTargetDependency */ = {
			isa = PBXTargetDependency;
			target = 300D7D7B1FBB54F700AE8AD8 /* Demo */;
			targetProxy = 300D7D911FBB54F700AE8AD8 /* PBXContainerItemProxy */;
		};
		300D7D9D1FBB54F700AE8AD8 /* PBXTargetDependency */ = {
			isa = PBXTargetDependency;
			target = 300D7D7B1FBB54F700AE8AD8 /* Demo */;
			targetProxy = 300D7D9C1FBB54F700AE8AD8 /* PBXContainerItemProxy */;
		};
/* End PBXTargetDependency section */

/* Begin PBXVariantGroup section */
		300D7D831FBB54F700AE8AD8 /* Main.storyboard */ = {
			isa = PBXVariantGroup;
			children = (
				300D7D841FBB54F700AE8AD8 /* Base */,
			);
			name = Main.storyboard;
			sourceTree = "<group>";
		};
		300D7D881FBB54F700AE8AD8 /* LaunchScreen.storyboard */ = {
			isa = PBXVariantGroup;
			children = (
				300D7D891FBB54F700AE8AD8 /* Base */,
			);
			name = LaunchScreen.storyboard;
			sourceTree = "<group>";
		};
/* End PBXVariantGroup section */

/* Begin XCBuildConfiguration section */
		300D7DA21FBB54F700AE8AD8 /* Debug */ = {
			isa = XCBuildConfiguration;
			buildSettings = {
				ALWAYS_SEARCH_USER_PATHS = NO;
				CLANG_ANALYZER_NONNULL = YES;
				CLANG_ANALYZER_NUMBER_OBJECT_CONVERSION = YES_AGGRESSIVE;
				CLANG_CXX_LANGUAGE_STANDARD = "gnu++14";
				CLANG_CXX_LIBRARY = "libc++";
				CLANG_ENABLE_MODULES = YES;
				CLANG_ENABLE_OBJC_ARC = YES;
				CLANG_WARN_BLOCK_CAPTURE_AUTORELEASING = YES;
				CLANG_WARN_BOOL_CONVERSION = YES;
				CLANG_WARN_COMMA = YES;
				CLANG_WARN_CONSTANT_CONVERSION = YES;
				CLANG_WARN_DIRECT_OBJC_ISA_USAGE = YES_ERROR;
				CLANG_WARN_DOCUMENTATION_COMMENTS = YES;
				CLANG_WARN_EMPTY_BODY = YES;
				CLANG_WARN_ENUM_CONVERSION = YES;
				CLANG_WARN_INFINITE_RECURSION = YES;
				CLANG_WARN_INT_CONVERSION = YES;
				CLANG_WARN_NON_LITERAL_NULL_CONVERSION = YES;
				CLANG_WARN_OBJC_LITERAL_CONVERSION = YES;
				CLANG_WARN_OBJC_ROOT_CLASS = YES_ERROR;
				CLANG_WARN_RANGE_LOOP_ANALYSIS = YES;
				CLANG_WARN_STRICT_PROTOTYPES = YES;
				CLANG_WARN_SUSPICIOUS_MOVE = YES;
				CLANG_WARN_UNGUARDED_AVAILABILITY = YES_AGGRESSIVE;
				CLANG_WARN_UNREACHABLE_CODE = YES;
				CLANG_WARN__DUPLICATE_METHOD_MATCH = YES;
				CODE_SIGN_IDENTITY = "iPhone Developer";
				COPY_PHASE_STRIP = NO;
				DEBUG_INFORMATION_FORMAT = dwarf;
				ENABLE_STRICT_OBJC_MSGSEND = YES;
				ENABLE_TESTABILITY = YES;
				GCC_C_LANGUAGE_STANDARD = gnu11;
				GCC_DYNAMIC_NO_PIC = NO;
				GCC_NO_COMMON_BLOCKS = YES;
				GCC_OPTIMIZATION_LEVEL = 0;
				GCC_PREPROCESSOR_DEFINITIONS = (
					"DEBUG=1",
					"$(inherited)",
				);
				GCC_WARN_64_TO_32_BIT_CONVERSION = YES;
				GCC_WARN_ABOUT_RETURN_TYPE = YES_ERROR;
				GCC_WARN_UNDECLARED_SELECTOR = YES;
				GCC_WARN_UNINITIALIZED_AUTOS = YES_AGGRESSIVE;
				GCC_WARN_UNUSED_FUNCTION = YES;
				GCC_WARN_UNUSED_VARIABLE = YES;
				IPHONEOS_DEPLOYMENT_TARGET = 11.1;
				MTL_ENABLE_DEBUG_INFO = YES;
				ONLY_ACTIVE_ARCH = YES;
				SDKROOT = iphoneos;
				SWIFT_ACTIVE_COMPILATION_CONDITIONS = DEBUG;
				SWIFT_OPTIMIZATION_LEVEL = "-Onone";
			};
			name = Debug;
		};
		300D7DA31FBB54F700AE8AD8 /* Release */ = {
			isa = XCBuildConfiguration;
			buildSettings = {
				ALWAYS_SEARCH_USER_PATHS = NO;
				CLANG_ANALYZER_NONNULL = YES;
				CLANG_ANALYZER_NUMBER_OBJECT_CONVERSION = YES_AGGRESSIVE;
				CLANG_CXX_LANGUAGE_STANDARD = "gnu++14";
				CLANG_CXX_LIBRARY = "libc++";
				CLANG_ENABLE_MODULES = YES;
				CLANG_ENABLE_OBJC_ARC = YES;
				CLANG_WARN_BLOCK_CAPTURE_AUTORELEASING = YES;
				CLANG_WARN_BOOL_CONVERSION = YES;
				CLANG_WARN_COMMA = YES;
				CLANG_WARN_CONSTANT_CONVERSION = YES;
				CLANG_WARN_DIRECT_OBJC_ISA_USAGE = YES_ERROR;
				CLANG_WARN_DOCUMENTATION_COMMENTS = YES;
				CLANG_WARN_EMPTY_BODY = YES;
				CLANG_WARN_ENUM_CONVERSION = YES;
				CLANG_WARN_INFINITE_RECURSION = YES;
				CLANG_WARN_INT_CONVERSION = YES;
				CLANG_WARN_NON_LITERAL_NULL_CONVERSION = YES;
				CLANG_WARN_OBJC_LITERAL_CONVERSION = YES;
				CLANG_WARN_OBJC_ROOT_CLASS = YES_ERROR;
				CLANG_WARN_RANGE_LOOP_ANALYSIS = YES;
				CLANG_WARN_STRICT_PROTOTYPES = YES;
				CLANG_WARN_SUSPICIOUS_MOVE = YES;
				CLANG_WARN_UNGUARDED_AVAILABILITY = YES_AGGRESSIVE;
				CLANG_WARN_UNREACHABLE_CODE = YES;
				CLANG_WARN__DUPLICATE_METHOD_MATCH = YES;
				CODE_SIGN_IDENTITY = "iPhone Developer";
				COPY_PHASE_STRIP = NO;
				DEBUG_INFORMATION_FORMAT = "dwarf-with-dsym";
				ENABLE_NS_ASSERTIONS = NO;
				ENABLE_STRICT_OBJC_MSGSEND = YES;
				GCC_C_LANGUAGE_STANDARD = gnu11;
				GCC_NO_COMMON_BLOCKS = YES;
				GCC_WARN_64_TO_32_BIT_CONVERSION = YES;
				GCC_WARN_ABOUT_RETURN_TYPE = YES_ERROR;
				GCC_WARN_UNDECLARED_SELECTOR = YES;
				GCC_WARN_UNINITIALIZED_AUTOS = YES_AGGRESSIVE;
				GCC_WARN_UNUSED_FUNCTION = YES;
				GCC_WARN_UNUSED_VARIABLE = YES;
				IPHONEOS_DEPLOYMENT_TARGET = 11.1;
				MTL_ENABLE_DEBUG_INFO = NO;
				SDKROOT = iphoneos;
				SWIFT_OPTIMIZATION_LEVEL = "-Owholemodule";
				VALIDATE_PRODUCT = YES;
			};
			name = Release;
		};
		300D7DA51FBB54F700AE8AD8 /* Debug */ = {
			isa = XCBuildConfiguration;
			buildSettings = {
				ASSETCATALOG_COMPILER_APPICON_NAME = AppIcon;
				CODE_SIGN_STYLE = Automatic;
				FRAMEWORK_SEARCH_PATHS = (
					"$(inherited)",
					"$(PROJECT_DIR)/Carthage/Build/iOS",
				);
				INFOPLIST_FILE = Demo/Info.plist;
				LD_RUNPATH_SEARCH_PATHS = "$(inherited) @executable_path/Frameworks";
				PRODUCT_BUNDLE_IDENTIFIER = harakenta.Demo;
				PRODUCT_NAME = "$(TARGET_NAME)";
				SWIFT_VERSION = 4.0;
				TARGETED_DEVICE_FAMILY = "1,2";
			};
			name = Debug;
		};
		300D7DA61FBB54F700AE8AD8 /* Release */ = {
			isa = XCBuildConfiguration;
			buildSettings = {
				ASSETCATALOG_COMPILER_APPICON_NAME = AppIcon;
				CODE_SIGN_STYLE = Automatic;
				FRAMEWORK_SEARCH_PATHS = (
					"$(inherited)",
					"$(PROJECT_DIR)/Carthage/Build/iOS",
				);
				INFOPLIST_FILE = Demo/Info.plist;
				LD_RUNPATH_SEARCH_PATHS = "$(inherited) @executable_path/Frameworks";
				PRODUCT_BUNDLE_IDENTIFIER = harakenta.Demo;
				PRODUCT_NAME = "$(TARGET_NAME)";
				SWIFT_VERSION = 4.0;
				TARGETED_DEVICE_FAMILY = "1,2";
			};
			name = Release;
		};
		300D7DA81FBB54F700AE8AD8 /* Debug */ = {
			isa = XCBuildConfiguration;
			buildSettings = {
				ALWAYS_EMBED_SWIFT_STANDARD_LIBRARIES = YES;
				BUNDLE_LOADER = "$(TEST_HOST)";
				CODE_SIGN_STYLE = Automatic;
				INFOPLIST_FILE = DemoTests/Info.plist;
				LD_RUNPATH_SEARCH_PATHS = "$(inherited) @executable_path/Frameworks @loader_path/Frameworks";
				PRODUCT_BUNDLE_IDENTIFIER = harakenta.DemoTests;
				PRODUCT_NAME = "$(TARGET_NAME)";
				SWIFT_VERSION = 4.0;
				TARGETED_DEVICE_FAMILY = "1,2";
				TEST_HOST = "$(BUILT_PRODUCTS_DIR)/Demo.app/Demo";
			};
			name = Debug;
		};
		300D7DA91FBB54F700AE8AD8 /* Release */ = {
			isa = XCBuildConfiguration;
			buildSettings = {
				ALWAYS_EMBED_SWIFT_STANDARD_LIBRARIES = YES;
				BUNDLE_LOADER = "$(TEST_HOST)";
				CODE_SIGN_STYLE = Automatic;
				INFOPLIST_FILE = DemoTests/Info.plist;
				LD_RUNPATH_SEARCH_PATHS = "$(inherited) @executable_path/Frameworks @loader_path/Frameworks";
				PRODUCT_BUNDLE_IDENTIFIER = harakenta.DemoTests;
				PRODUCT_NAME = "$(TARGET_NAME)";
				SWIFT_VERSION = 4.0;
				TARGETED_DEVICE_FAMILY = "1,2";
				TEST_HOST = "$(BUILT_PRODUCTS_DIR)/Demo.app/Demo";
			};
			name = Release;
		};
		300D7DAB1FBB54F700AE8AD8 /* Debug */ = {
			isa = XCBuildConfiguration;
			buildSettings = {
				ALWAYS_EMBED_SWIFT_STANDARD_LIBRARIES = YES;
				CODE_SIGN_STYLE = Automatic;
				INFOPLIST_FILE = DemoUITests/Info.plist;
				LD_RUNPATH_SEARCH_PATHS = "$(inherited) @executable_path/Frameworks @loader_path/Frameworks";
				PRODUCT_BUNDLE_IDENTIFIER = harakenta.DemoUITests;
				PRODUCT_NAME = "$(TARGET_NAME)";
				SWIFT_VERSION = 4.0;
				TARGETED_DEVICE_FAMILY = "1,2";
				TEST_TARGET_NAME = Demo;
			};
			name = Debug;
		};
		300D7DAC1FBB54F700AE8AD8 /* Release */ = {
			isa = XCBuildConfiguration;
			buildSettings = {
				ALWAYS_EMBED_SWIFT_STANDARD_LIBRARIES = YES;
				CODE_SIGN_STYLE = Automatic;
				INFOPLIST_FILE = DemoUITests/Info.plist;
				LD_RUNPATH_SEARCH_PATHS = "$(inherited) @executable_path/Frameworks @loader_path/Frameworks";
				PRODUCT_BUNDLE_IDENTIFIER = harakenta.DemoUITests;
				PRODUCT_NAME = "$(TARGET_NAME)";
				SWIFT_VERSION = 4.0;
				TARGETED_DEVICE_FAMILY = "1,2";
				TEST_TARGET_NAME = Demo;
			};
			name = Release;
		};
/* End XCBuildConfiguration section */

/* Begin XCConfigurationList section */
		300D7D771FBB54F700AE8AD8 /* Build configuration list for PBXProject "Demo" */ = {
			isa = XCConfigurationList;
			buildConfigurations = (
				300D7DA21FBB54F700AE8AD8 /* Debug */,
				300D7DA31FBB54F700AE8AD8 /* Release */,
			);
			defaultConfigurationIsVisible = 0;
			defaultConfigurationName = Release;
		};
		300D7DA41FBB54F700AE8AD8 /* Build configuration list for PBXNativeTarget "Demo" */ = {
			isa = XCConfigurationList;
			buildConfigurations = (
				300D7DA51FBB54F700AE8AD8 /* Debug */,
				300D7DA61FBB54F700AE8AD8 /* Release */,
			);
			defaultConfigurationIsVisible = 0;
			defaultConfigurationName = Release;
		};
		300D7DA71FBB54F700AE8AD8 /* Build configuration list for PBXNativeTarget "DemoTests" */ = {
			isa = XCConfigurationList;
			buildConfigurations = (
				300D7DA81FBB54F700AE8AD8 /* Debug */,
				300D7DA91FBB54F700AE8AD8 /* Release */,
			);
			defaultConfigurationIsVisible = 0;
			defaultConfigurationName = Release;
		};
		300D7DAA1FBB54F700AE8AD8 /* Build configuration list for PBXNativeTarget "DemoUITests" */ = {
			isa = XCConfigurationList;
			buildConfigurations = (
				300D7DAB1FBB54F700AE8AD8 /* Debug */,
				300D7DAC1FBB54F700AE8AD8 /* Release */,
			);
			defaultConfigurationIsVisible = 0;
			defaultConfigurationName = Release;
		};
/* End XCConfigurationList section */
	};
	rootObject = 300D7D741FBB54F700AE8AD8 /* Project object */;
}
